
Microsoft Visual Studio Solution File, Format Version 12.00
# Visual Studio Version 17
VisualStudioVersion = 17.3.32901.215
MinimumVisualStudioVersion = 10.0.40219.1
Project("{9A19103F-16F7-4668-BE54-9A1E7A4F7556}") = "My.RabbitMQ.Send", "My.RabbitMQ.Send\My.RabbitMQ.Send.csproj", "{3217D9BF-9DFA-4D44-AA71-BE7D55884153}"
EndProject
Project("{2150E333-8FDC-42A3-9474-1A3956D46DE8}") = "Hello World", "Hello World", "{D96085D3-AF37-431A-8E1D-75300C036B58}"
EndProject
Project("{9A19103F-16F7-4668-BE54-9A1E7A4F7556}") = "My.RabbitMQ.Receive", "My.RabbitMQ.Receive\My.RabbitMQ.Receive.csproj", "{EEA6A4EF-DE84-4B28-BB32-0945CF7CA5CE}"
EndProject
Project("{2150E333-8FDC-42A3-9474-1A3956D46DE8}") = "Work Queues", "Work Queues", "{8024A0E7-5F0F-4E7F-B4AD-FA166414F005}"
EndProject
Project("{9A19103F-16F7-4668-BE54-9A1E7A4F7556}") = "My.RabbitMQNewTask", "My.RabbitMQNewTask\My.RabbitMQNewTask.csproj", "{65DD6065-010F-4AED-9B67-22F72E0938D2}"
EndProject
Project("{9A19103F-16F7-4668-BE54-9A1E7A4F7556}") = "My.RabbitMQ.Worker", "My.RabbitMQ.Worker\My.RabbitMQ.Worker.csproj", "{A8B91C84-1CBE-481F-B5FC-F05F55E48CDD}"
EndProject
Project("{2150E333-8FDC-42A3-9474-1A3956D46DE8}") = "RPC", "RPC", "{C21C81A2-C102-4AA7-B5AA-A2C87378C4E8}"
EndProject
Project("{2150E333-8FDC-42A3-9474-1A3956D46DE8}") = "Publish Subscribe", "Publish Subscribe", "{D2728B86-1095-451C-B74C-62A16C5641B8}"
EndProject
Project("{2150E333-8FDC-42A3-9474-1A3956D46DE8}") = "PublisherConfirms", "PublisherConfirms", "{3A79F062-D8D5-46AF-BE7E-2462887F836B}"
EndProject
Project("{9A19103F-16F7-4668-BE54-9A1E7A4F7556}") = "My.MQ.Publisher.Confirms", "My.MQ.Publisher.Confirms\My.MQ.Publisher.Confirms.csproj", "{0FE7A309-466C-45F6-B870-C3CA64D51FAC}"
EndProject
Project("{9A19103F-16F7-4668-BE54-9A1E7A4F7556}") = "My.MQ.EmitLog.Demo", "My.MQ.EmitLog.Demo\My.MQ.EmitLog.Demo.csproj", "{9C621A8C-E1AA-4D47-9F39-DF04AB3E4AD0}"
EndProject
Project("{9A19103F-16F7-4668-BE54-9A1E7A4F7556}") = "My.MQ.ReceiveLogs.Demo", "My.MQ.ReceiveLogs.Demo\My.MQ.ReceiveLogs.Demo.csproj", "{60275371-16E9-4CEA-BC0F-4B38666B5132}"
EndProject
Project("{2150E333-8FDC-42A3-9474-1A3956D46DE8}") = "Exchange Direct", "Exchange Direct", "{12A6EBF2-BE02-4878-B15C-FF13A6534911}"
EndProject
Project("{9A19103F-16F7-4668-BE54-9A1E7A4F7556}") = "My.MQ.Exchange.Direct.Demo", "My.MQ.Exchange.Direct.Demo\My.MQ.Exchange.Direct.Demo.csproj", "{887A45ED-1651-4CC9-ADF3-5E86AC90EE79}"
EndProject
Project("{9A19103F-16F7-4668-BE54-9A1E7A4F7556}") = "My.MQ.Exchange.Direct.ReceiveLogs", "My.MQ.Exchange.Direct.ReceiveLogs\My.MQ.Exchange.Direct.ReceiveLogs.csproj", "{2EF3108D-5F5D-444F-BF8E-97979A91B8AA}"
EndProject
Project("{2150E333-8FDC-42A3-9474-1A3956D46DE8}") = "Exchange Topic", "Exchange Topic", "{AAAC9CFD-449D-4C58-98E0-4EC79D73869B}"
EndProject
Project("{9A19103F-16F7-4668-BE54-9A1E7A4F7556}") = "My.MQ.Topic.Send", "My.MQ.Topic.Send\My.MQ.Topic.Send.csproj", "{E37E256F-B662-4089-8807-75EB10CE4352}"
EndProject
Project("{9A19103F-16F7-4668-BE54-9A1E7A4F7556}") = "My.MQ.Topic.ReceiveLogs", "My.MQ.Topic.ReceiveLogs\My.MQ.Topic.ReceiveLogs.csproj", "{5CC308D1-7189-479B-B0CF-B0BC48BFFA32}"
EndProject
Project("{9A19103F-16F7-4668-BE54-9A1E7A4F7556}") = "My.MQ.RPC.Server", "My.MQ.RPC.Server\My.MQ.RPC.Server.csproj", "{A33EDE1A-F6FD-4978-AD55-34AF6AC1877A}"
EndProject
Project("{9A19103F-16F7-4668-BE54-9A1E7A4F7556}") = "My.MQ.RPC.Client", "My.MQ.RPC.Client\My.MQ.RPC.Client.csproj", "{CD2B3C24-3AAB-43B0-8590-0EA051553D1A}"
EndProject
Project("{2150E333-8FDC-42A3-9474-1A3956D46DE8}") = "解决方案项", "解决方案项", "{9DC2689B-E14D-4A1B-AE5F-09D96B3B7B5B}"
	ProjectSection(SolutionItems) = preProject
		.gitignore = .gitignore
		README.md = README.md
	EndProjectSection
EndProject
Project("{FAE04EC0-301F-11D3-BF4B-00C04F79EFBC}") = "My.RabbitMQ.Config", "My.RabbitMQ.Config\My.RabbitMQ.Config.csproj", "{90B5B8B0-C492-4265-8224-A5CDDFF2AD33}"
EndProject
Global
	GlobalSection(SolutionConfigurationPlatforms) = preSolution
		Debug|Any CPU = Debug|Any CPU
		Release|Any CPU = Release|Any CPU
	EndGlobalSection
	GlobalSection(ProjectConfigurationPlatforms) = postSolution
		{3217D9BF-9DFA-4D44-AA71-BE7D55884153}.Debug|Any CPU.ActiveCfg = Debug|Any CPU
		{3217D9BF-9DFA-4D44-AA71-BE7D55884153}.Debug|Any CPU.Build.0 = Debug|Any CPU
		{3217D9BF-9DFA-4D44-AA71-BE7D55884153}.Release|Any CPU.ActiveCfg = Release|Any CPU
		{3217D9BF-9DFA-4D44-AA71-BE7D55884153}.Release|Any CPU.Build.0 = Release|Any CPU
		{EEA6A4EF-DE84-4B28-BB32-0945CF7CA5CE}.Debug|Any CPU.ActiveCfg = Debug|Any CPU
		{EEA6A4EF-DE84-4B28-BB32-0945CF7CA5CE}.Debug|Any CPU.Build.0 = Debug|Any CPU
		{EEA6A4EF-DE84-4B28-BB32-0945CF7CA5CE}.Release|Any CPU.ActiveCfg = Release|Any CPU
		{EEA6A4EF-DE84-4B28-BB32-0945CF7CA5CE}.Release|Any CPU.Build.0 = Release|Any CPU
		{65DD6065-010F-4AED-9B67-22F72E0938D2}.Debug|Any CPU.ActiveCfg = Debug|Any CPU
		{65DD6065-010F-4AED-9B67-22F72E0938D2}.Debug|Any CPU.Build.0 = Debug|Any CPU
		{65DD6065-010F-4AED-9B67-22F72E0938D2}.Release|Any CPU.ActiveCfg = Release|Any CPU
		{65DD6065-010F-4AED-9B67-22F72E0938D2}.Release|Any CPU.Build.0 = Release|Any CPU
		{A8B91C84-1CBE-481F-B5FC-F05F55E48CDD}.Debug|Any CPU.ActiveCfg = Debug|Any CPU
		{A8B91C84-1CBE-481F-B5FC-F05F55E48CDD}.Debug|Any CPU.Build.0 = Debug|Any CPU
		{A8B91C84-1CBE-481F-B5FC-F05F55E48CDD}.Release|Any CPU.ActiveCfg = Release|Any CPU
		{A8B91C84-1CBE-481F-B5FC-F05F55E48CDD}.Release|Any CPU.Build.0 = Release|Any CPU
		{0FE7A309-466C-45F6-B870-C3CA64D51FAC}.Debug|Any CPU.ActiveCfg = Debug|Any CPU
		{0FE7A309-466C-45F6-B870-C3CA64D51FAC}.Debug|Any CPU.Build.0 = Debug|Any CPU
		{0FE7A309-466C-45F6-B870-C3CA64D51FAC}.Release|Any CPU.ActiveCfg = Release|Any CPU
		{0FE7A309-466C-45F6-B870-C3CA64D51FAC}.Release|Any CPU.Build.0 = Release|Any CPU
		{9C621A8C-E1AA-4D47-9F39-DF04AB3E4AD0}.Debug|Any CPU.ActiveCfg = Debug|Any CPU
		{9C621A8C-E1AA-4D47-9F39-DF04AB3E4AD0}.Debug|Any CPU.Build.0 = Debug|Any CPU
		{9C621A8C-E1AA-4D47-9F39-DF04AB3E4AD0}.Release|Any CPU.ActiveCfg = Release|Any CPU
		{9C621A8C-E1AA-4D47-9F39-DF04AB3E4AD0}.Release|Any CPU.Build.0 = Release|Any CPU
		{60275371-16E9-4CEA-BC0F-4B38666B5132}.Debug|Any CPU.ActiveCfg = Debug|Any CPU
		{60275371-16E9-4CEA-BC0F-4B38666B5132}.Debug|Any CPU.Build.0 = Debug|Any CPU
		{60275371-16E9-4CEA-BC0F-4B38666B5132}.Release|Any CPU.ActiveCfg = Release|Any CPU
		{60275371-16E9-4CEA-BC0F-4B38666B5132}.Release|Any CPU.Build.0 = Release|Any CPU
		{887A45ED-1651-4CC9-ADF3-5E86AC90EE79}.Debug|Any CPU.ActiveCfg = Debug|Any CPU
		{887A45ED-1651-4CC9-ADF3-5E86AC90EE79}.Debug|Any CPU.Build.0 = Debug|Any CPU
		{887A45ED-1651-4CC9-ADF3-5E86AC90EE79}.Release|Any CPU.ActiveCfg = Release|Any CPU
		{887A45ED-1651-4CC9-ADF3-5E86AC90EE79}.Release|Any CPU.Build.0 = Release|Any CPU
		{2EF3108D-5F5D-444F-BF8E-97979A91B8AA}.Debug|Any CPU.ActiveCfg = Debug|Any CPU
		{2EF3108D-5F5D-444F-BF8E-97979A91B8AA}.Debug|Any CPU.Build.0 = Debug|Any CPU
		{2EF3108D-5F5D-444F-BF8E-97979A91B8AA}.Release|Any CPU.ActiveCfg = Release|Any CPU
		{2EF3108D-5F5D-444F-BF8E-97979A91B8AA}.Release|Any CPU.Build.0 = Release|Any CPU
		{E37E256F-B662-4089-8807-75EB10CE4352}.Debug|Any CPU.ActiveCfg = Debug|Any CPU
		{E37E256F-B662-4089-8807-75EB10CE4352}.Debug|Any CPU.Build.0 = Debug|Any CPU
		{E37E256F-B662-4089-8807-75EB10CE4352}.Release|Any CPU.ActiveCfg = Release|Any CPU
		{E37E256F-B662-4089-8807-75EB10CE4352}.Release|Any CPU.Build.0 = Release|Any CPU
		{5CC308D1-7189-479B-B0CF-B0BC48BFFA32}.Debug|Any CPU.ActiveCfg = Debug|Any CPU
		{5CC308D1-7189-479B-B0CF-B0BC48BFFA32}.Debug|Any CPU.Build.0 = Debug|Any CPU
		{5CC308D1-7189-479B-B0CF-B0BC48BFFA32}.Release|Any CPU.ActiveCfg = Release|Any CPU
		{5CC308D1-7189-479B-B0CF-B0BC48BFFA32}.Release|Any CPU.Build.0 = Release|Any CPU
		{A33EDE1A-F6FD-4978-AD55-34AF6AC1877A}.Debug|Any CPU.ActiveCfg = Debug|Any CPU
		{A33EDE1A-F6FD-4978-AD55-34AF6AC1877A}.Debug|Any CPU.Build.0 = Debug|Any CPU
		{A33EDE1A-F6FD-4978-AD55-34AF6AC1877A}.Release|Any CPU.ActiveCfg = Release|Any CPU
		{A33EDE1A-F6FD-4978-AD55-34AF6AC1877A}.Release|Any CPU.Build.0 = Release|Any CPU
		{CD2B3C24-3AAB-43B0-8590-0EA051553D1A}.Debug|Any CPU.ActiveCfg = Debug|Any CPU
		{CD2B3C24-3AAB-43B0-8590-0EA051553D1A}.Debug|Any CPU.Build.0 = Debug|Any CPU
		{CD2B3C24-3AAB-43B0-8590-0EA051553D1A}.Release|Any CPU.ActiveCfg = Release|Any CPU
		{CD2B3C24-3AAB-43B0-8590-0EA051553D1A}.Release|Any CPU.Build.0 = Release|Any CPU
		{90B5B8B0-C492-4265-8224-A5CDDFF2AD33}.Debug|Any CPU.ActiveCfg = Debug|Any CPU
		{90B5B8B0-C492-4265-8224-A5CDDFF2AD33}.Debug|Any CPU.Build.0 = Debug|Any CPU
		{90B5B8B0-C492-4265-8224-A5CDDFF2AD33}.Release|Any CPU.ActiveCfg = Release|Any CPU
		{90B5B8B0-C492-4265-8224-A5CDDFF2AD33}.Release|Any CPU.Build.0 = Release|Any CPU
	EndGlobalSection
	GlobalSection(SolutionProperties) = preSolution
		HideSolutionNode = FALSE
	EndGlobalSection
	GlobalSection(NestedProjects) = preSolution
		{3217D9BF-9DFA-4D44-AA71-BE7D55884153} = {D96085D3-AF37-431A-8E1D-75300C036B58}
		{EEA6A4EF-DE84-4B28-BB32-0945CF7CA5CE} = {D96085D3-AF37-431A-8E1D-75300C036B58}
		{65DD6065-010F-4AED-9B67-22F72E0938D2} = {8024A0E7-5F0F-4E7F-B4AD-FA166414F005}
		{A8B91C84-1CBE-481F-B5FC-F05F55E48CDD} = {8024A0E7-5F0F-4E7F-B4AD-FA166414F005}
		{0FE7A309-466C-45F6-B870-C3CA64D51FAC} = {3A79F062-D8D5-46AF-BE7E-2462887F836B}
		{9C621A8C-E1AA-4D47-9F39-DF04AB3E4AD0} = {D2728B86-1095-451C-B74C-62A16C5641B8}
		{60275371-16E9-4CEA-BC0F-4B38666B5132} = {D2728B86-1095-451C-B74C-62A16C5641B8}
		{887A45ED-1651-4CC9-ADF3-5E86AC90EE79} = {12A6EBF2-BE02-4878-B15C-FF13A6534911}
		{2EF3108D-5F5D-444F-BF8E-97979A91B8AA} = {12A6EBF2-BE02-4878-B15C-FF13A6534911}
		{E37E256F-B662-4089-8807-75EB10CE4352} = {AAAC9CFD-449D-4C58-98E0-4EC79D73869B}
		{5CC308D1-7189-479B-B0CF-B0BC48BFFA32} = {AAAC9CFD-449D-4C58-98E0-4EC79D73869B}
		{A33EDE1A-F6FD-4978-AD55-34AF6AC1877A} = {C21C81A2-C102-4AA7-B5AA-A2C87378C4E8}
		{CD2B3C24-3AAB-43B0-8590-0EA051553D1A} = {C21C81A2-C102-4AA7-B5AA-A2C87378C4E8}
	EndGlobalSection
	GlobalSection(ExtensibilityGlobals) = postSolution
		SolutionGuid = {89E10427-44DD-411F-9C01-BFEDB882DD73}
	EndGlobalSection
EndGlobal
